// !$*UTF8*$!
{
	archiveVersion = 1;
	classes = {
	};
	objectVersion = 46;
	objects = {

/* Begin PBXBuildFile section */
		1F3219451E171C7E0048DBDB /* AppDelegate.swift in Sources */ = {isa = PBXBuildFile; fileRef = 1F3219441E171C7E0048DBDB /* AppDelegate.swift */; };
		1F3219471E171C7E0048DBDB /* ViewController.swift in Sources */ = {isa = PBXBuildFile; fileRef = 1F3219461E171C7E0048DBDB /* ViewController.swift */; };
		1F32194A1E171C7E0048DBDB /* Main.storyboard in Resources */ = {isa = PBXBuildFile; fileRef = 1F3219481E171C7E0048DBDB /* Main.storyboard */; };
		1F32194C1E171C7E0048DBDB /* Assets.xcassets in Resources */ = {isa = PBXBuildFile; fileRef = 1F32194B1E171C7E0048DBDB /* Assets.xcassets */; };
		1F32194F1E171C7E0048DBDB /* LaunchScreen.storyboard in Resources */ = {isa = PBXBuildFile; fileRef = 1F32194D1E171C7E0048DBDB /* LaunchScreen.storyboard */; };
		1F3219A31E17205E0048DBDB /* Broccoli.mp3 in Resources */ = {isa = PBXBuildFile; fileRef = 1F3219A21E17205E0048DBDB /* Broccoli.mp3 */; };
		1F3219A51E1726D50048DBDB /* lilyatchy.jpg in Resources */ = {isa = PBXBuildFile; fileRef = 1F3219A41E1726D50048DBDB /* lilyatchy.jpg */; };
/* End PBXBuildFile section */

/* Begin PBXFileReference section */
		1F3219411E171C7E0048DBDB /* Back to Broccolli.app */ = {isa = PBXFileReference; explicitFileType = wrapper.application; includeInIndex = 0; path = "Back to Broccolli.app"; sourceTree = BUILT_PRODUCTS_DIR; };
		1F3219441E171C7E0048DBDB /* AppDelegate.swift */ = {isa = PBXFileReference; lastKnownFileType = sourcecode.swift; path = AppDelegate.swift; sourceTree = "<group>"; };
		1F3219461E171C7E0048DBDB /* ViewController.swift */ = {isa = PBXFileReference; lastKnownFileType = sourcecode.swift; path = ViewController.swift; sourceTree = "<group>"; };
		1F3219491E171C7E0048DBDB /* Base */ = {isa = PBXFileReference; lastKnownFileType = file.storyboard; name = Base; path = Base.lproj/Main.storyboard; sourceTree = "<group>"; };
		1F32194B1E171C7E0048DBDB /* Assets.xcassets */ = {isa = PBXFileReference; lastKnownFileType = folder.assetcatalog; path = Assets.xcassets; sourceTree = "<group>"; };
		1F32194E1E171C7E0048DBDB /* Base */ = {isa = PBXFileReference; lastKnownFileType = file.storyboard; name = Base; path = Base.lproj/LaunchScreen.storyboard; sourceTree = "<group>"; };
		1F3219501E171C7E0048DBDB /* Info.plist */ = {isa = PBXFileReference; lastKnownFileType = text.plist.xml; path = Info.plist; sourceTree = "<group>"; };
		1F3219A21E17205E0048DBDB /* Broccoli.mp3 */ = {isa = PBXFileReference; lastKnownFileType = audio.mp3; path = Broccoli.mp3; sourceTree = "<group>"; };
		1F3219A41E1726D50048DBDB /* lilyatchy.jpg */ = {isa = PBXFileReference; lastKnownFileType = image.jpeg; path = lilyatchy.jpg; sourceTree = "<group>"; };
/* End PBXFileReference section */

/* Begin PBXFrameworksBuildPhase section */
		1F32193E1E171C7E0048DBDB /* Frameworks */ = {
			isa = PBXFrameworksBuildPhase;
			buildActionMask = 2147483647;
			files = (
			);
			runOnlyForDeploymentPostprocessing = 0;
		};
/* End PBXFrameworksBuildPhase section */

/* Begin PBXGroup section */
		1F3219381E171C7E0048DBDB = {
			isa = PBXGroup;
			children = (
				1F3219431E171C7E0048DBDB /* Back to Broccolli */,
				1F3219421E171C7E0048DBDB /* Products */,
			);
			sourceTree = "<group>";
		};
		1F3219421E171C7E0048DBDB /* Products */ = {
			isa = PBXGroup;
			children = (
				1F3219411E171C7E0048DBDB /* Back to Broccolli.app */,
			);
			name = Products;
			sourceTree = "<group>";
		};
		1F3219431E171C7E0048DBDB /* Back to Broccolli */ = {
			isa = PBXGroup;
			children = (
				1F3219441E171C7E0048DBDB /* AppDelegate.swift */,
				1F3219461E171C7E0048DBDB /* ViewController.swift */,
				1F3219481E171C7E0048DBDB /* Main.storyboard */,
				1F3219A41E1726D50048DBDB /* lilyatchy.jpg */,
				1F3219A21E17205E0048DBDB /* Broccoli.mp3 */,
				1F32194B1E171C7E0048DBDB /* Assets.xcassets */,
				1F32194D1E171C7E0048DBDB /* LaunchScreen.storyboard */,
				1F3219501E171C7E0048DBDB /* Info.plist */,
			);
			path = "Back to Broccolli";
			sourceTree = "<group>";
		};
/* End PBXGroup section */

/* Begin PBXNativeTarget section */
		1F3219401E171C7E0048DBDB /* Back to Broccolli */ = {
			isa = PBXNativeTarget;
			buildConfigurationList = 1F3219531E171C7E0048DBDB /* Build configuration list for PBXNativeTarget "Back to Broccolli" */;
			buildPhases = (
				1F32193D1E171C7E0048DBDB /* Sources */,
				1F32193E1E171C7E0048DBDB /* Frameworks */,
				1F32193F1E171C7E0048DBDB /* Resources */,
			);
			buildRules = (
			);
			dependencies = (
			);
			name = "Back to Broccolli";
			productName = "Back to Broccolli";
			productReference = 1F3219411E171C7E0048DBDB /* Back to Broccolli.app */;
			productType = "com.apple.product-type.application";
		};
/* End PBXNativeTarget section */

/* Begin PBXProject section */
		1F3219391E171C7E0048DBDB /* Project object */ = {
			isa = PBXProject;
			attributes = {
				LastSwiftUpdateCheck = 0820;
				LastUpgradeCheck = 0820;
				ORGANIZATIONNAME = "Make It Appen";
				TargetAttributes = {
					1F3219401E171C7E0048DBDB = {
						CreatedOnToolsVersion = 8.2.1;
						ProvisioningStyle = Automatic;
					};
				};
			};
			buildConfigurationList = 1F32193C1E171C7E0048DBDB /* Build configuration list for PBXProject "Back to Broccolli" */;
			compatibilityVersion = "Xcode 3.2";
			developmentRegion = English;
			hasScannedForEncodings = 0;
			knownRegions = (
				en,
				Base,
			);
			mainGroup = 1F3219381E171C7E0048DBDB;
			productRefGroup = 1F3219421E171C7E0048DBDB /* Products */;
			projectDirPath = "";
			projectRoot = "";
			targets = (
				1F3219401E171C7E0048DBDB /* Back to Broccolli */,
			);
		};
/* End PBXProject section */

/* Begin PBXResourcesBuildPhase section */
		1F32193F1E171C7E0048DBDB /* Resources */ = {
			isa = PBXResourcesBuildPhase;
			buildActionMask = 2147483647;
			files = (
				1F32194F1E171C7E0048DBDB /* LaunchScreen.storyboard in Resources */,
				1F3219A51E1726D50048DBDB /* lilyatchy.jpg in Resources */,
				1F32194C1E171C7E0048DBDB /* Assets.xcassets in Resources */,
				1F32194A1E171C7E0048DBDB /* Main.storyboard in Resources */,
				1F3219A31E17205E0048DBDB /* Broccoli.mp3 in Resources */,
			);
			runOnlyForDeploymentPostprocessing = 0;
		};
/* End PBXResourcesBuildPhase section */

/* Begin PBXSourcesBuildPhase section */
		1F32193D1E171C7E0048DBDB /* Sources */ = {
			isa = PBXSourcesBuildPhase;
			buildActionMask = 2147483647;
			files = (
				1F3219471E171C7E0048DBDB /* ViewController.swift in Sources */,
				1F3219451E171C7E0048DBDB /* AppDelegate.swift in Sources */,
			);
			runOnlyForDeploymentPostprocessing = 0;
		};
/* End PBXSourcesBuildPhase section */

/* Begin PBXVariantGroup section */
		1F3219481E171C7E0048DBDB /* Main.storyboard */ = {
			isa = PBXVariantGroup;
			children = (
				1F3219491E171C7E0048DBDB /* Base */,
			);
			name = Main.storyboard;
			sourceTree = "<group>";
		};
		1F32194D1E171C7E0048DBDB /* LaunchScreen.storyboard */ = {
			isa = PBXVariantGroup;
			children = (
				1F32194E1E171C7E0048DBDB /* Base */,
			);
			name = LaunchScreen.storyboard;
			sourceTree = "<group>";
		};
/* End PBXVariantGroup section */

/* Begin XCBuildConfiguration section */
		1F3219511E171C7E0048DBDB /* Debug */ = {
			isa = XCBuildConfiguration;
			buildSettings = {
				ALWAYS_SEARCH_USER_PATHS = NO;
				CLANG_ANALYZER_NONNULL = YES;
				CLANG_CXX_LANGUAGE_STANDARD = "gnu++0x";
				CLANG_CXX_LIBRARY = "libc++";
				CLANG_ENABLE_MODULES = YES;
				CLANG_ENABLE_OBJC_ARC = YES;
				CLANG_WARN_BOOL_CONVERSION = YES;
				CLANG_WARN_CONSTANT_CONVERSION = YES;
				CLANG_WARN_DIRECT_OBJC_ISA_USAGE = YES_ERROR;
				CLANG_WARN_DOCUMENTATION_COMMENTS = YES;
				CLANG_WARN_EMPTY_BODY = YES;
				CLANG_WARN_ENUM_CONVERSION = YES;
				CLANG_WARN_INFINITE_RECURSION = YES;
				CLANG_WARN_INT_CONVERSION = YES;
				CLANG_WARN_OBJC_ROOT_CLASS = YES_ERROR;
				CLANG_WARN_SUSPICIOUS_MOVE = YES;
				CLANG_WARN_UNREACHABLE_CODE = YES;
				CLANG_WARN__DUPLICATE_METHOD_MATCH = YES;
				"CODE_SIGN_IDENTITY[sdk=iphoneos*]" = "iPhone Developer";
				COPY_PHASE_STRIP = NO;
				DEBUG_INFORMATION_FORMAT = dwarf;
				ENABLE_STRICT_OBJC_MSGSEND = YES;
				ENABLE_TESTABILITY = YES;
				GCC_C_LANGUAGE_STANDARD = gnu99;
				GCC_DYNAMIC_NO_PIC = NO;
				GCC_NO_COMMON_BLOCKS = YES;
				GCC_OPTIMIZATION_LEVEL = 0;
				GCC_PREPROCESSOR_DEFINITIONS = (
					"DEBUG=1",
					"$(inherited)",
				);
				GCC_WARN_64_TO_32_BIT_CONVERSION = YES;
				GCC_WARN_ABOUT_RETURN_TYPE = YES_ERROR;
				GCC_WARN_UNDECLARED_SELECTOR = YES;
				GCC_WARN_UNINITIALIZED_AUTOS = YES_AGGRESSIVE;
				GCC_WARN_UNUSED_FUNCTION = YES;
				GCC_WARN_UNUSED_VARIABLE = YES;
				IPHONEOS_DEPLOYMENT_TARGET = 10.2;
				MTL_ENABLE_DEBUG_INFO = YES;
				ONLY_ACTIVE_ARCH = YES;
				SDKROOT = iphoneos;
				SWIFT_ACTIVE_COMPILATION_CONDITIONS = DEBUG;
				SWIFT_OPTIMIZATION_LEVEL = "-Onone";
			};
			name = Debug;
		};
		1F3219521E171C7E0048DBDB /* Release */ = {
			isa = XCBuildConfiguration;
			buildSettings = {
				ALWAYS_SEARCH_USER_PATHS = NO;
				CLANG_ANALYZER_NONNULL = YES;
				CLANG_CXX_LANGUAGE_STANDARD = "gnu++0x";
				CLANG_CXX_LIBRARY = "libc++";
				CLANG_ENABLE_MODULES = YES;
				CLANG_ENABLE_OBJC_ARC = YES;
				CLANG_WARN_BOOL_CONVERSION = YES;
				CLANG_WARN_CONSTANT_CONVERSION = YES;
				CLANG_WARN_DIRECT_OBJC_ISA_USAGE = YES_ERROR;
				CLANG_WARN_DOCUMENTATION_COMMENTS = YES;
				CLANG_WARN_EMPTY_BODY = YES;
				CLANG_WARN_ENUM_CONVERSION = YES;
				CLANG_WARN_INFINITE_RECURSION = YES;
				CLANG_WARN_INT_CONVERSION = YES;
				CLANG_WARN_OBJC_ROOT_CLASS = YES_ERROR;
				CLANG_WARN_SUSPICIOUS_MOVE = YES;
				CLANG_WARN_UNREACHABLE_CODE = YES;
				CLANG_WARN__DUPLICATE_METHOD_MATCH = YES;
				"CODE_SIGN_IDENTITY[sdk=iphoneos*]" = "iPhone Developer";
				COPY_PHASE_STRIP = NO;
				DEBUG_INFORMATION_FORMAT = "dwarf-with-dsym";
				ENABLE_NS_ASSERTIONS = NO;
				ENABLE_STRICT_OBJC_MSGSEND = YES;
				GCC_C_LANGUAGE_STANDARD = gnu99;
				GCC_NO_COMMON_BLOCKS = YES;
				GCC_WARN_64_TO_32_BIT_CONVERSION = YES;
				GCC_WARN_ABOUT_RETURN_TYPE = YES_ERROR;
				GCC_WARN_UNDECLARED_SELECTOR = YES;
				GCC_WARN_UNINITIALIZED_AUTOS = YES_AGGRESSIVE;
				GCC_WARN_UNUSED_FUNCTION = YES;
				GCC_WARN_UNUSED_VARIABLE = YES;
				IPHONEOS_DEPLOYMENT_TARGET = 10.2;
				MTL_ENABLE_DEBUG_INFO = NO;
				SDKROOT = iphoneos;
				SWIFT_OPTIMIZATION_LEVEL = "-Owholemodule";
				VALIDATE_PRODUCT = YES;
			};
			name = Release;
		};
		1F3219541E171C7E0048DBDB /* Debug */ = {
			isa = XCBuildConfiguration;
			buildSettings = {
				ASSETCATALOG_COMPILER_APPICON_NAME = AppIcon;
				INFOPLIST_FILE = "Back to Broccolli/Info.plist";
				LD_RUNPATH_SEARCH_PATHS = "$(inherited) @executable_path/Frameworks";
				PRODUCT_BUNDLE_IDENTIFIER = "com.makeitappen.Back-to-Broccolli";
				PRODUCT_NAME = "$(TARGET_NAME)";
				SWIFT_VERSION = 3.0;
			};
			name = Debug;
		};
		1F3219551E171C7E0048DBDB /* Release */ = {
			isa = XCBuildConfiguration;
			buildSettings = {
				ASSETCATALOG_COMPILER_APPICON_NAME = AppIcon;
				INFOPLIST_FILE = "Back to Broccolli/Info.plist";
				LD_RUNPATH_SEARCH_PATHS = "$(inherited) @executable_path/Frameworks";
				PRODUCT_BUNDLE_IDENTIFIER = "com.makeitappen.Back-to-Broccolli";
				PRODUCT_NAME = "$(TARGET_NAME)";
				SWIFT_VERSION = 3.0;
			};
			name = Release;
		};
/* End XCBuildConfiguration section */

/* Begin XCConfigurationList section */
		1F32193C1E171C7E0048DBDB /* Build configuration list for PBXProject "Back to Broccolli" */ = {
			isa = XCConfigurationList;
			buildConfigurations = (
				1F3219511E171C7E0048DBDB /* Debug */,
				1F3219521E171C7E0048DBDB /* Release */,
			);
			defaultConfigurationIsVisible = 0;
			defaultConfigurationName = Release;
		};
		1F3219531E171C7E0048DBDB /* Build configuration list for PBXNativeTarget "Back to Broccolli" */ = {
			isa = XCConfigurationList;
			buildConfigurations = (
				1F3219541E171C7E0048DBDB /* Debug */,
				1F3219551E171C7E0048DBDB /* Release */,
			);
			defaultConfigurationIsVisible = 0;
		};
/* End XCConfigurationList section */
	};
	rootObject = 1F3219391E171C7E0048DBDB /* Project object */;
}
